// !$*UTF8*$!
{
	archiveVersion = 1;
	classes = {
	};
	objectVersion = 46;
	objects = {

/* Begin PBXBuildFile section */
		F4F1F3CB1F101D2B00055C4F /* TapHeader.swift in Sources */ = {isa = PBXBuildFile; fileRef = F4F1F3CA1F101D2B00055C4F /* TapHeader.swift */; };
		F4F6C50D1F0E675F00EE9643 /* AppDelegate.swift in Sources */ = {isa = PBXBuildFile; fileRef = F4F6C50C1F0E675F00EE9643 /* AppDelegate.swift */; };
		F4F6C50F1F0E675F00EE9643 /* ViewController.swift in Sources */ = {isa = PBXBuildFile; fileRef = F4F6C50E1F0E675F00EE9643 /* ViewController.swift */; };
		F4F6C5121F0E675F00EE9643 /* Main.storyboard in Resources */ = {isa = PBXBuildFile; fileRef = F4F6C5101F0E675F00EE9643 /* Main.storyboard */; };
		F4F6C5141F0E675F00EE9643 /* Assets.xcassets in Resources */ = {isa = PBXBuildFile; fileRef = F4F6C5131F0E675F00EE9643 /* Assets.xcassets */; };
		F4F6C5171F0E675F00EE9643 /* LaunchScreen.storyboard in Resources */ = {isa = PBXBuildFile; fileRef = F4F6C5151F0E675F00EE9643 /* LaunchScreen.storyboard */; };
		F4F6C51F1F0E6A2500EE9643 /* HeaderUITableViewCell.swift in Sources */ = {isa = PBXBuildFile; fileRef = F4F6C51E1F0E6A2500EE9643 /* HeaderUITableViewCell.swift */; };
		F4F6C5211F0E6A3500EE9643 /* RegularUITableViewCell.swift in Sources */ = {isa = PBXBuildFile; fileRef = F4F6C5201F0E6A3500EE9643 /* RegularUITableViewCell.swift */; };
		F4F6C5231F0E7F1300EE9643 /* ViewMoreUITableViewCell.swift in Sources */ = {isa = PBXBuildFile; fileRef = F4F6C5221F0E7F1300EE9643 /* ViewMoreUITableViewCell.swift */; };
/* End PBXBuildFile section */

/* Begin PBXFileReference section */
		F4F1F3CA1F101D2B00055C4F /* TapHeader.swift */ = {isa = PBXFileReference; fileEncoding = 4; lastKnownFileType = sourcecode.swift; path = TapHeader.swift; sourceTree = "<group>"; };
		F4F6C5091F0E675F00EE9643 /* ExercicioTableView.app */ = {isa = PBXFileReference; explicitFileType = wrapper.application; includeInIndex = 0; path = ExercicioTableView.app; sourceTree = BUILT_PRODUCTS_DIR; };
		F4F6C50C1F0E675F00EE9643 /* AppDelegate.swift */ = {isa = PBXFileReference; lastKnownFileType = sourcecode.swift; path = AppDelegate.swift; sourceTree = "<group>"; };
		F4F6C50E1F0E675F00EE9643 /* ViewController.swift */ = {isa = PBXFileReference; lastKnownFileType = sourcecode.swift; path = ViewController.swift; sourceTree = "<group>"; };
		F4F6C5111F0E675F00EE9643 /* Base */ = {isa = PBXFileReference; lastKnownFileType = file.storyboard; name = Base; path = Base.lproj/Main.storyboard; sourceTree = "<group>"; };
		F4F6C5131F0E675F00EE9643 /* Assets.xcassets */ = {isa = PBXFileReference; lastKnownFileType = folder.assetcatalog; path = Assets.xcassets; sourceTree = "<group>"; };
		F4F6C5161F0E675F00EE9643 /* Base */ = {isa = PBXFileReference; lastKnownFileType = file.storyboard; name = Base; path = Base.lproj/LaunchScreen.storyboard; sourceTree = "<group>"; };
		F4F6C5181F0E675F00EE9643 /* Info.plist */ = {isa = PBXFileReference; lastKnownFileType = text.plist.xml; path = Info.plist; sourceTree = "<group>"; };
		F4F6C51E1F0E6A2500EE9643 /* HeaderUITableViewCell.swift */ = {isa = PBXFileReference; fileEncoding = 4; lastKnownFileType = sourcecode.swift; path = HeaderUITableViewCell.swift; sourceTree = "<group>"; };
		F4F6C5201F0E6A3500EE9643 /* RegularUITableViewCell.swift */ = {isa = PBXFileReference; fileEncoding = 4; lastKnownFileType = sourcecode.swift; path = RegularUITableViewCell.swift; sourceTree = "<group>"; };
		F4F6C5221F0E7F1300EE9643 /* ViewMoreUITableViewCell.swift */ = {isa = PBXFileReference; fileEncoding = 4; lastKnownFileType = sourcecode.swift; path = ViewMoreUITableViewCell.swift; sourceTree = "<group>"; };
/* End PBXFileReference section */

/* Begin PBXFrameworksBuildPhase section */
		F4F6C5061F0E675F00EE9643 /* Frameworks */ = {
			isa = PBXFrameworksBuildPhase;
			buildActionMask = 2147483647;
			files = (
			);
			runOnlyForDeploymentPostprocessing = 0;
		};
/* End PBXFrameworksBuildPhase section */

/* Begin PBXGroup section */
		F4F6C5001F0E675F00EE9643 = {
			isa = PBXGroup;
			children = (
				F4F6C50B1F0E675F00EE9643 /* ExercicioTableView */,
				F4F6C50A1F0E675F00EE9643 /* Products */,
			);
			sourceTree = "<group>";
		};
		F4F6C50A1F0E675F00EE9643 /* Products */ = {
			isa = PBXGroup;
			children = (
				F4F6C5091F0E675F00EE9643 /* ExercicioTableView.app */,
			);
			name = Products;
			sourceTree = "<group>";
		};
		F4F6C50B1F0E675F00EE9643 /* ExercicioTableView */ = {
			isa = PBXGroup;
			children = (
				F4F6C50C1F0E675F00EE9643 /* AppDelegate.swift */,
				F4F6C50E1F0E675F00EE9643 /* ViewController.swift */,
				F4F6C5101F0E675F00EE9643 /* Main.storyboard */,
				F4F6C5131F0E675F00EE9643 /* Assets.xcassets */,
				F4F6C5151F0E675F00EE9643 /* LaunchScreen.storyboard */,
				F4F6C5181F0E675F00EE9643 /* Info.plist */,
				F4F6C51E1F0E6A2500EE9643 /* HeaderUITableViewCell.swift */,
				F4F6C5201F0E6A3500EE9643 /* RegularUITableViewCell.swift */,
				F4F6C5221F0E7F1300EE9643 /* ViewMoreUITableViewCell.swift */,
				F4F1F3CA1F101D2B00055C4F /* TapHeader.swift */,
			);
			path = ExercicioTableView;
			sourceTree = "<group>";
		};
/* End PBXGroup section */

/* Begin PBXNativeTarget section */
		F4F6C5081F0E675F00EE9643 /* ExercicioTableView */ = {
			isa = PBXNativeTarget;
			buildConfigurationList = F4F6C51B1F0E675F00EE9643 /* Build configuration list for PBXNativeTarget "ExercicioTableView" */;
			buildPhases = (
				F4F6C5051F0E675F00EE9643 /* Sources */,
				F4F6C5061F0E675F00EE9643 /* Frameworks */,
				F4F6C5071F0E675F00EE9643 /* Resources */,
			);
			buildRules = (
			);
			dependencies = (
			);
			name = ExercicioTableView;
			productName = ExercicioTableView;
			productReference = F4F6C5091F0E675F00EE9643 /* ExercicioTableView.app */;
			productType = "com.apple.product-type.application";
		};
/* End PBXNativeTarget section */

/* Begin PBXProject section */
		F4F6C5011F0E675F00EE9643 /* Project object */ = {
			isa = PBXProject;
			attributes = {
				LastSwiftUpdateCheck = 0830;
				LastUpgradeCheck = 0830;
				ORGANIZATIONNAME = CWI;
				TargetAttributes = {
					F4F6C5081F0E675F00EE9643 = {
						CreatedOnToolsVersion = 8.3.3;
						ProvisioningStyle = Automatic;
					};
				};
			};
			buildConfigurationList = F4F6C5041F0E675F00EE9643 /* Build configuration list for PBXProject "ExercicioTableView" */;
			compatibilityVersion = "Xcode 3.2";
			developmentRegion = English;
			hasScannedForEncodings = 0;
			knownRegions = (
				en,
				Base,
			);
			mainGroup = F4F6C5001F0E675F00EE9643;
			productRefGroup = F4F6C50A1F0E675F00EE9643 /* Products */;
			projectDirPath = "";
			projectRoot = "";
			targets = (
				F4F6C5081F0E675F00EE9643 /* ExercicioTableView */,
			);
		};
/* End PBXProject section */

/* Begin PBXResourcesBuildPhase section */
		F4F6C5071F0E675F00EE9643 /* Resources */ = {
			isa = PBXResourcesBuildPhase;
			buildActionMask = 2147483647;
			files = (
				F4F6C5171F0E675F00EE9643 /* LaunchScreen.storyboard in Resources */,
				F4F6C5141F0E675F00EE9643 /* Assets.xcassets in Resources */,
				F4F6C5121F0E675F00EE9643 /* Main.storyboard in Resources */,
			);
			runOnlyForDeploymentPostprocessing = 0;
		};
/* End PBXResourcesBuildPhase section */

/* Begin PBXSourcesBuildPhase section */
		F4F6C5051F0E675F00EE9643 /* Sources */ = {
			isa = PBXSourcesBuildPhase;
			buildActionMask = 2147483647;
			files = (
				F4F1F3CB1F101D2B00055C4F /* TapHeader.swift in Sources */,
				F4F6C50F1F0E675F00EE9643 /* ViewController.swift in Sources */,
				F4F6C51F1F0E6A2500EE9643 /* HeaderUITableViewCell.swift in Sources */,
				F4F6C5211F0E6A3500EE9643 /* RegularUITableViewCell.swift in Sources */,
				F4F6C5231F0E7F1300EE9643 /* ViewMoreUITableViewCell.swift in Sources */,
				F4F6C50D1F0E675F00EE9643 /* AppDelegate.swift in Sources */,
			);
			runOnlyForDeploymentPostprocessing = 0;
		};
/* End PBXSourcesBuildPhase section */

/* Begin PBXVariantGroup section */
		F4F6C5101F0E675F00EE9643 /* Main.storyboard */ = {
			isa = PBXVariantGroup;
			children = (
				F4F6C5111F0E675F00EE9643 /* Base */,
			);
			name = Main.storyboard;
			sourceTree = "<group>";
		};
		F4F6C5151F0E675F00EE9643 /* LaunchScreen.storyboard */ = {
			isa = PBXVariantGroup;
			children = (
				F4F6C5161F0E675F00EE9643 /* Base */,
			);
			name = LaunchScreen.storyboard;
			sourceTree = "<group>";
		};
/* End PBXVariantGroup section */

/* Begin XCBuildConfiguration section */
		F4F6C5191F0E675F00EE9643 /* Debug */ = {
			isa = XCBuildConfiguration;
			buildSettings = {
				ALWAYS_SEARCH_USER_PATHS = NO;
				CLANG_ANALYZER_NONNULL = YES;
				CLANG_ANALYZER_NUMBER_OBJECT_CONVERSION = YES_AGGRESSIVE;
				CLANG_CXX_LANGUAGE_STANDARD = "gnu++0x";
				CLANG_CXX_LIBRARY = "libc++";
				CLANG_ENABLE_MODULES = YES;
				CLANG_ENABLE_OBJC_ARC = YES;
				CLANG_WARN_BOOL_CONVERSION = YES;
				CLANG_WARN_CONSTANT_CONVERSION = YES;
				CLANG_WARN_DIRECT_OBJC_ISA_USAGE = YES_ERROR;
				CLANG_WARN_DOCUMENTATION_COMMENTS = YES;
				CLANG_WARN_EMPTY_BODY = YES;
				CLANG_WARN_ENUM_CONVERSION = YES;
				CLANG_WARN_INFINITE_RECURSION = YES;
				CLANG_WARN_INT_CONVERSION = YES;
				CLANG_WARN_OBJC_ROOT_CLASS = YES_ERROR;
				CLANG_WARN_SUSPICIOUS_MOVE = YES;
				CLANG_WARN_UNREACHABLE_CODE = YES;
				CLANG_WARN__DUPLICATE_METHOD_MATCH = YES;
				"CODE_SIGN_IDENTITY[sdk=iphoneos*]" = "iPhone Developer";
				COPY_PHASE_STRIP = NO;
				DEBUG_INFORMATION_FORMAT = dwarf;
				ENABLE_STRICT_OBJC_MSGSEND = YES;
				ENABLE_TESTABILITY = YES;
				GCC_C_LANGUAGE_STANDARD = gnu99;
				GCC_DYNAMIC_NO_PIC = NO;
				GCC_NO_COMMON_BLOCKS = YES;
				GCC_OPTIMIZATION_LEVEL = 0;
				GCC_PREPROCESSOR_DEFINITIONS = (
					"DEBUG=1",
					"$(inherited)",
				);
				GCC_WARN_64_TO_32_BIT_CONVERSION = YES;
				GCC_WARN_ABOUT_RETURN_TYPE = YES_ERROR;
				GCC_WARN_UNDECLARED_SELECTOR = YES;
				GCC_WARN_UNINITIALIZED_AUTOS = YES_AGGRESSIVE;
				GCC_WARN_UNUSED_FUNCTION = YES;
				GCC_WARN_UNUSED_VARIABLE = YES;
				IPHONEOS_DEPLOYMENT_TARGET = 10.3;
				MTL_ENABLE_DEBUG_INFO = YES;
				ONLY_ACTIVE_ARCH = YES;
				SDKROOT = iphoneos;
				SWIFT_ACTIVE_COMPILATION_CONDITIONS = DEBUG;
				SWIFT_OPTIMIZATION_LEVEL = "-Onone";
				TARGETED_DEVICE_FAMILY = "1,2";
			};
			name = Debug;
		};
		F4F6C51A1F0E675F00EE9643 /* Release */ = {
			isa = XCBuildConfiguration;
			buildSettings = {
				ALWAYS_SEARCH_USER_PATHS = NO;
				CLANG_ANALYZER_NONNULL = YES;
				CLANG_ANALYZER_NUMBER_OBJECT_CONVERSION = YES_AGGRESSIVE;
				CLANG_CXX_LANGUAGE_STANDARD = "gnu++0x";
				CLANG_CXX_LIBRARY = "libc++";
				CLANG_ENABLE_MODULES = YES;
				CLANG_ENABLE_OBJC_ARC = YES;
				CLANG_WARN_BOOL_CONVERSION = YES;
				CLANG_WARN_CONSTANT_CONVERSION = YES;
				CLANG_WARN_DIRECT_OBJC_ISA_USAGE = YES_ERROR;
				CLANG_WARN_DOCUMENTATION_COMMENTS = YES;
				CLANG_WARN_EMPTY_BODY = YES;
				CLANG_WARN_ENUM_CONVERSION = YES;
				CLANG_WARN_INFINITE_RECURSION = YES;
				CLANG_WARN_INT_CONVERSION = YES;
				CLANG_WARN_OBJC_ROOT_CLASS = YES_ERROR;
				CLANG_WARN_SUSPICIOUS_MOVE = YES;
				CLANG_WARN_UNREACHABLE_CODE = YES;
				CLANG_WARN__DUPLICATE_METHOD_MATCH = YES;
				"CODE_SIGN_IDENTITY[sdk=iphoneos*]" = "iPhone Developer";
				COPY_PHASE_STRIP = NO;
				DEBUG_INFORMATION_FORMAT = "dwarf-with-dsym";
				ENABLE_NS_ASSERTIONS = NO;
				ENABLE_STRICT_OBJC_MSGSEND = YES;
				GCC_C_LANGUAGE_STANDARD = gnu99;
				GCC_NO_COMMON_BLOCKS = YES;
				GCC_WARN_64_TO_32_BIT_CONVERSION = YES;
				GCC_WARN_ABOUT_RETURN_TYPE = YES_ERROR;
				GCC_WARN_UNDECLARED_SELECTOR = YES;
				GCC_WARN_UNINITIALIZED_AUTOS = YES_AGGRESSIVE;
				GCC_WARN_UNUSED_FUNCTION = YES;
				GCC_WARN_UNUSED_VARIABLE = YES;
				IPHONEOS_DEPLOYMENT_TARGET = 10.3;
				MTL_ENABLE_DEBUG_INFO = NO;
				SDKROOT = iphoneos;
				SWIFT_OPTIMIZATION_LEVEL = "-Owholemodule";
				TARGETED_DEVICE_FAMILY = "1,2";
				VALIDATE_PRODUCT = YES;
			};
			name = Release;
		};
		F4F6C51C1F0E675F00EE9643 /* Debug */ = {
			isa = XCBuildConfiguration;
			buildSettings = {
				ASSETCATALOG_COMPILER_APPICON_NAME = AppIcon;
				INFOPLIST_FILE = ExercicioTableView/Info.plist;
				LD_RUNPATH_SEARCH_PATHS = "$(inherited) @executable_path/Frameworks";
				PRODUCT_BUNDLE_IDENTIFIER = br.com.cwi.ExercicioTableView;
				PRODUCT_NAME = "$(TARGET_NAME)";
				SWIFT_VERSION = 3.0;
			};
			name = Debug;
		};
		F4F6C51D1F0E675F00EE9643 /* Release */ = {
			isa = XCBuildConfiguration;
			buildSettings = {
				ASSETCATALOG_COMPILER_APPICON_NAME = AppIcon;
				INFOPLIST_FILE = ExercicioTableView/Info.plist;
				LD_RUNPATH_SEARCH_PATHS = "$(inherited) @executable_path/Frameworks";
				PRODUCT_BUNDLE_IDENTIFIER = br.com.cwi.ExercicioTableView;
				PRODUCT_NAME = "$(TARGET_NAME)";
				SWIFT_VERSION = 3.0;
			};
			name = Release;
		};
/* End XCBuildConfiguration section */

/* Begin XCConfigurationList section */
		F4F6C5041F0E675F00EE9643 /* Build configuration list for PBXProject "ExercicioTableView" */ = {
			isa = XCConfigurationList;
			buildConfigurations = (
				F4F6C5191F0E675F00EE9643 /* Debug */,
				F4F6C51A1F0E675F00EE9643 /* Release */,
			);
			defaultConfigurationIsVisible = 0;
			defaultConfigurationName = Release;
		};
		F4F6C51B1F0E675F00EE9643 /* Build configuration list for PBXNativeTarget "ExercicioTableView" */ = {
			isa = XCConfigurationList;
			buildConfigurations = (
				F4F6C51C1F0E675F00EE9643 /* Debug */,
				F4F6C51D1F0E675F00EE9643 /* Release */,
			);
			defaultConfigurationIsVisible = 0;
			defaultConfigurationName = Release;
		};
/* End XCConfigurationList section */
	};
	rootObject = F4F6C5011F0E675F00EE9643 /* Project object */;
}
