// !$*UTF8*$!
{
	archiveVersion = 1;
	classes = {
	};
	objectVersion = 46;
	objects = {

/* Begin PBXBuildFile section */
		F43857191F17A479001C4BE0 /* Player.swift in Sources */ = {isa = PBXBuildFile; fileRef = F43857181F17A479001C4BE0 /* Player.swift */; };
		F438571B1F17A527001C4BE0 /* Player.xib in Resources */ = {isa = PBXBuildFile; fileRef = F438571A1F17A527001C4BE0 /* Player.xib */; };
		F438571F1F17B082001C4BE0 /* Developers.mp3 in Resources */ = {isa = PBXBuildFile; fileRef = F438571E1F17B082001C4BE0 /* Developers.mp3 */; };
		F46AE0481F17A41D0000CD64 /* AppDelegate.swift in Sources */ = {isa = PBXBuildFile; fileRef = F46AE0471F17A41D0000CD64 /* AppDelegate.swift */; };
		F46AE04A1F17A41D0000CD64 /* ViewController.swift in Sources */ = {isa = PBXBuildFile; fileRef = F46AE0491F17A41D0000CD64 /* ViewController.swift */; };
		F46AE04D1F17A41D0000CD64 /* Main.storyboard in Resources */ = {isa = PBXBuildFile; fileRef = F46AE04B1F17A41D0000CD64 /* Main.storyboard */; };
		F46AE04F1F17A41D0000CD64 /* Assets.xcassets in Resources */ = {isa = PBXBuildFile; fileRef = F46AE04E1F17A41D0000CD64 /* Assets.xcassets */; };
		F46AE0521F17A41D0000CD64 /* LaunchScreen.storyboard in Resources */ = {isa = PBXBuildFile; fileRef = F46AE0501F17A41D0000CD64 /* LaunchScreen.storyboard */; };
/* End PBXBuildFile section */

/* Begin PBXFileReference section */
		F43857181F17A479001C4BE0 /* Player.swift */ = {isa = PBXFileReference; fileEncoding = 4; lastKnownFileType = sourcecode.swift; path = Player.swift; sourceTree = "<group>"; };
		F438571A1F17A527001C4BE0 /* Player.xib */ = {isa = PBXFileReference; fileEncoding = 4; lastKnownFileType = file.xib; path = Player.xib; sourceTree = "<group>"; };
		F438571E1F17B082001C4BE0 /* Developers.mp3 */ = {isa = PBXFileReference; lastKnownFileType = audio.mp3; path = Developers.mp3; sourceTree = "<group>"; };
		F46AE0441F17A41D0000CD64 /* MusicPlayer.app */ = {isa = PBXFileReference; explicitFileType = wrapper.application; includeInIndex = 0; path = MusicPlayer.app; sourceTree = BUILT_PRODUCTS_DIR; };
		F46AE0471F17A41D0000CD64 /* AppDelegate.swift */ = {isa = PBXFileReference; lastKnownFileType = sourcecode.swift; path = AppDelegate.swift; sourceTree = "<group>"; };
		F46AE0491F17A41D0000CD64 /* ViewController.swift */ = {isa = PBXFileReference; lastKnownFileType = sourcecode.swift; path = ViewController.swift; sourceTree = "<group>"; };
		F46AE04C1F17A41D0000CD64 /* Base */ = {isa = PBXFileReference; lastKnownFileType = file.storyboard; name = Base; path = Base.lproj/Main.storyboard; sourceTree = "<group>"; };
		F46AE04E1F17A41D0000CD64 /* Assets.xcassets */ = {isa = PBXFileReference; lastKnownFileType = folder.assetcatalog; path = Assets.xcassets; sourceTree = "<group>"; };
		F46AE0511F17A41D0000CD64 /* Base */ = {isa = PBXFileReference; lastKnownFileType = file.storyboard; name = Base; path = Base.lproj/LaunchScreen.storyboard; sourceTree = "<group>"; };
		F46AE0531F17A41D0000CD64 /* Info.plist */ = {isa = PBXFileReference; lastKnownFileType = text.plist.xml; path = Info.plist; sourceTree = "<group>"; };
/* End PBXFileReference section */

/* Begin PBXFrameworksBuildPhase section */
		F46AE0411F17A41D0000CD64 /* Frameworks */ = {
			isa = PBXFrameworksBuildPhase;
			buildActionMask = 2147483647;
			files = (
			);
			runOnlyForDeploymentPostprocessing = 0;
		};
/* End PBXFrameworksBuildPhase section */

/* Begin PBXGroup section */
		F46AE03B1F17A41D0000CD64 = {
			isa = PBXGroup;
			children = (
				F438571E1F17B082001C4BE0 /* Developers.mp3 */,
				F46AE0461F17A41D0000CD64 /* MusicPlayer */,
				F46AE0451F17A41D0000CD64 /* Products */,
			);
			sourceTree = "<group>";
		};
		F46AE0451F17A41D0000CD64 /* Products */ = {
			isa = PBXGroup;
			children = (
				F46AE0441F17A41D0000CD64 /* MusicPlayer.app */,
			);
			name = Products;
			sourceTree = "<group>";
		};
		F46AE0461F17A41D0000CD64 /* MusicPlayer */ = {
			isa = PBXGroup;
			children = (
				F46AE0471F17A41D0000CD64 /* AppDelegate.swift */,
				F46AE0491F17A41D0000CD64 /* ViewController.swift */,
				F46AE04B1F17A41D0000CD64 /* Main.storyboard */,
				F46AE04E1F17A41D0000CD64 /* Assets.xcassets */,
				F46AE0501F17A41D0000CD64 /* LaunchScreen.storyboard */,
				F46AE0531F17A41D0000CD64 /* Info.plist */,
				F43857181F17A479001C4BE0 /* Player.swift */,
				F438571A1F17A527001C4BE0 /* Player.xib */,
			);
			path = MusicPlayer;
			sourceTree = "<group>";
		};
/* End PBXGroup section */

/* Begin PBXNativeTarget section */
		F46AE0431F17A41D0000CD64 /* MusicPlayer */ = {
			isa = PBXNativeTarget;
			buildConfigurationList = F46AE0561F17A41D0000CD64 /* Build configuration list for PBXNativeTarget "MusicPlayer" */;
			buildPhases = (
				F46AE0401F17A41D0000CD64 /* Sources */,
				F46AE0411F17A41D0000CD64 /* Frameworks */,
				F46AE0421F17A41D0000CD64 /* Resources */,
			);
			buildRules = (
			);
			dependencies = (
			);
			name = MusicPlayer;
			productName = MusicPlayer;
			productReference = F46AE0441F17A41D0000CD64 /* MusicPlayer.app */;
			productType = "com.apple.product-type.application";
		};
/* End PBXNativeTarget section */

/* Begin PBXProject section */
		F46AE03C1F17A41D0000CD64 /* Project object */ = {
			isa = PBXProject;
			attributes = {
				LastSwiftUpdateCheck = 0830;
				LastUpgradeCheck = 0830;
				ORGANIZATIONNAME = CWI;
				TargetAttributes = {
					F46AE0431F17A41D0000CD64 = {
						CreatedOnToolsVersion = 8.3.3;
						ProvisioningStyle = Automatic;
					};
				};
			};
			buildConfigurationList = F46AE03F1F17A41D0000CD64 /* Build configuration list for PBXProject "MusicPlayer" */;
			compatibilityVersion = "Xcode 3.2";
			developmentRegion = English;
			hasScannedForEncodings = 0;
			knownRegions = (
				en,
				Base,
			);
			mainGroup = F46AE03B1F17A41D0000CD64;
			productRefGroup = F46AE0451F17A41D0000CD64 /* Products */;
			projectDirPath = "";
			projectRoot = "";
			targets = (
				F46AE0431F17A41D0000CD64 /* MusicPlayer */,
			);
		};
/* End PBXProject section */

/* Begin PBXResourcesBuildPhase section */
		F46AE0421F17A41D0000CD64 /* Resources */ = {
			isa = PBXResourcesBuildPhase;
			buildActionMask = 2147483647;
			files = (
				F438571F1F17B082001C4BE0 /* Developers.mp3 in Resources */,
				F438571B1F17A527001C4BE0 /* Player.xib in Resources */,
				F46AE0521F17A41D0000CD64 /* LaunchScreen.storyboard in Resources */,
				F46AE04F1F17A41D0000CD64 /* Assets.xcassets in Resources */,
				F46AE04D1F17A41D0000CD64 /* Main.storyboard in Resources */,
			);
			runOnlyForDeploymentPostprocessing = 0;
		};
/* End PBXResourcesBuildPhase section */

/* Begin PBXSourcesBuildPhase section */
		F46AE0401F17A41D0000CD64 /* Sources */ = {
			isa = PBXSourcesBuildPhase;
			buildActionMask = 2147483647;
			files = (
				F46AE04A1F17A41D0000CD64 /* ViewController.swift in Sources */,
				F43857191F17A479001C4BE0 /* Player.swift in Sources */,
				F46AE0481F17A41D0000CD64 /* AppDelegate.swift in Sources */,
			);
			runOnlyForDeploymentPostprocessing = 0;
		};
/* End PBXSourcesBuildPhase section */

/* Begin PBXVariantGroup section */
		F46AE04B1F17A41D0000CD64 /* Main.storyboard */ = {
			isa = PBXVariantGroup;
			children = (
				F46AE04C1F17A41D0000CD64 /* Base */,
			);
			name = Main.storyboard;
			sourceTree = "<group>";
		};
		F46AE0501F17A41D0000CD64 /* LaunchScreen.storyboard */ = {
			isa = PBXVariantGroup;
			children = (
				F46AE0511F17A41D0000CD64 /* Base */,
			);
			name = LaunchScreen.storyboard;
			sourceTree = "<group>";
		};
/* End PBXVariantGroup section */

/* Begin XCBuildConfiguration section */
		F46AE0541F17A41D0000CD64 /* Debug */ = {
			isa = XCBuildConfiguration;
			buildSettings = {
				ALWAYS_SEARCH_USER_PATHS = NO;
				CLANG_ANALYZER_NONNULL = YES;
				CLANG_ANALYZER_NUMBER_OBJECT_CONVERSION = YES_AGGRESSIVE;
				CLANG_CXX_LANGUAGE_STANDARD = "gnu++0x";
				CLANG_CXX_LIBRARY = "libc++";
				CLANG_ENABLE_MODULES = YES;
				CLANG_ENABLE_OBJC_ARC = YES;
				CLANG_WARN_BOOL_CONVERSION = YES;
				CLANG_WARN_CONSTANT_CONVERSION = YES;
				CLANG_WARN_DIRECT_OBJC_ISA_USAGE = YES_ERROR;
				CLANG_WARN_DOCUMENTATION_COMMENTS = YES;
				CLANG_WARN_EMPTY_BODY = YES;
				CLANG_WARN_ENUM_CONVERSION = YES;
				CLANG_WARN_INFINITE_RECURSION = YES;
				CLANG_WARN_INT_CONVERSION = YES;
				CLANG_WARN_OBJC_ROOT_CLASS = YES_ERROR;
				CLANG_WARN_SUSPICIOUS_MOVE = YES;
				CLANG_WARN_UNREACHABLE_CODE = YES;
				CLANG_WARN__DUPLICATE_METHOD_MATCH = YES;
				"CODE_SIGN_IDENTITY[sdk=iphoneos*]" = "iPhone Developer";
				COPY_PHASE_STRIP = NO;
				DEBUG_INFORMATION_FORMAT = dwarf;
				ENABLE_STRICT_OBJC_MSGSEND = YES;
				ENABLE_TESTABILITY = YES;
				GCC_C_LANGUAGE_STANDARD = gnu99;
				GCC_DYNAMIC_NO_PIC = NO;
				GCC_NO_COMMON_BLOCKS = YES;
				GCC_OPTIMIZATION_LEVEL = 0;
				GCC_PREPROCESSOR_DEFINITIONS = (
					"DEBUG=1",
					"$(inherited)",
				);
				GCC_WARN_64_TO_32_BIT_CONVERSION = YES;
				GCC_WARN_ABOUT_RETURN_TYPE = YES_ERROR;
				GCC_WARN_UNDECLARED_SELECTOR = YES;
				GCC_WARN_UNINITIALIZED_AUTOS = YES_AGGRESSIVE;
				GCC_WARN_UNUSED_FUNCTION = YES;
				GCC_WARN_UNUSED_VARIABLE = YES;
				IPHONEOS_DEPLOYMENT_TARGET = 10.3;
				MTL_ENABLE_DEBUG_INFO = YES;
				ONLY_ACTIVE_ARCH = YES;
				SDKROOT = iphoneos;
				SWIFT_ACTIVE_COMPILATION_CONDITIONS = DEBUG;
				SWIFT_OPTIMIZATION_LEVEL = "-Onone";
				TARGETED_DEVICE_FAMILY = "1,2";
			};
			name = Debug;
		};
		F46AE0551F17A41D0000CD64 /* Release */ = {
			isa = XCBuildConfiguration;
			buildSettings = {
				ALWAYS_SEARCH_USER_PATHS = NO;
				CLANG_ANALYZER_NONNULL = YES;
				CLANG_ANALYZER_NUMBER_OBJECT_CONVERSION = YES_AGGRESSIVE;
				CLANG_CXX_LANGUAGE_STANDARD = "gnu++0x";
				CLANG_CXX_LIBRARY = "libc++";
				CLANG_ENABLE_MODULES = YES;
				CLANG_ENABLE_OBJC_ARC = YES;
				CLANG_WARN_BOOL_CONVERSION = YES;
				CLANG_WARN_CONSTANT_CONVERSION = YES;
				CLANG_WARN_DIRECT_OBJC_ISA_USAGE = YES_ERROR;
				CLANG_WARN_DOCUMENTATION_COMMENTS = YES;
				CLANG_WARN_EMPTY_BODY = YES;
				CLANG_WARN_ENUM_CONVERSION = YES;
				CLANG_WARN_INFINITE_RECURSION = YES;
				CLANG_WARN_INT_CONVERSION = YES;
				CLANG_WARN_OBJC_ROOT_CLASS = YES_ERROR;
				CLANG_WARN_SUSPICIOUS_MOVE = YES;
				CLANG_WARN_UNREACHABLE_CODE = YES;
				CLANG_WARN__DUPLICATE_METHOD_MATCH = YES;
				"CODE_SIGN_IDENTITY[sdk=iphoneos*]" = "iPhone Developer";
				COPY_PHASE_STRIP = NO;
				DEBUG_INFORMATION_FORMAT = "dwarf-with-dsym";
				ENABLE_NS_ASSERTIONS = NO;
				ENABLE_STRICT_OBJC_MSGSEND = YES;
				GCC_C_LANGUAGE_STANDARD = gnu99;
				GCC_NO_COMMON_BLOCKS = YES;
				GCC_WARN_64_TO_32_BIT_CONVERSION = YES;
				GCC_WARN_ABOUT_RETURN_TYPE = YES_ERROR;
				GCC_WARN_UNDECLARED_SELECTOR = YES;
				GCC_WARN_UNINITIALIZED_AUTOS = YES_AGGRESSIVE;
				GCC_WARN_UNUSED_FUNCTION = YES;
				GCC_WARN_UNUSED_VARIABLE = YES;
				IPHONEOS_DEPLOYMENT_TARGET = 10.3;
				MTL_ENABLE_DEBUG_INFO = NO;
				SDKROOT = iphoneos;
				SWIFT_OPTIMIZATION_LEVEL = "-Owholemodule";
				TARGETED_DEVICE_FAMILY = "1,2";
				VALIDATE_PRODUCT = YES;
			};
			name = Release;
		};
		F46AE0571F17A41D0000CD64 /* Debug */ = {
			isa = XCBuildConfiguration;
			buildSettings = {
				ASSETCATALOG_COMPILER_APPICON_NAME = AppIcon;
				INFOPLIST_FILE = MusicPlayer/Info.plist;
				LD_RUNPATH_SEARCH_PATHS = "$(inherited) @executable_path/Frameworks";
				PRODUCT_BUNDLE_IDENTIFIER = br.com.cwi.MusicPlayer;
				PRODUCT_NAME = "$(TARGET_NAME)";
				SWIFT_VERSION = 3.0;
			};
			name = Debug;
		};
		F46AE0581F17A41D0000CD64 /* Release */ = {
			isa = XCBuildConfiguration;
			buildSettings = {
				ASSETCATALOG_COMPILER_APPICON_NAME = AppIcon;
				INFOPLIST_FILE = MusicPlayer/Info.plist;
				LD_RUNPATH_SEARCH_PATHS = "$(inherited) @executable_path/Frameworks";
				PRODUCT_BUNDLE_IDENTIFIER = br.com.cwi.MusicPlayer;
				PRODUCT_NAME = "$(TARGET_NAME)";
				SWIFT_VERSION = 3.0;
			};
			name = Release;
		};
/* End XCBuildConfiguration section */

/* Begin XCConfigurationList section */
		F46AE03F1F17A41D0000CD64 /* Build configuration list for PBXProject "MusicPlayer" */ = {
			isa = XCConfigurationList;
			buildConfigurations = (
				F46AE0541F17A41D0000CD64 /* Debug */,
				F46AE0551F17A41D0000CD64 /* Release */,
			);
			defaultConfigurationIsVisible = 0;
			defaultConfigurationName = Release;
		};
		F46AE0561F17A41D0000CD64 /* Build configuration list for PBXNativeTarget "MusicPlayer" */ = {
			isa = XCConfigurationList;
			buildConfigurations = (
				F46AE0571F17A41D0000CD64 /* Debug */,
				F46AE0581F17A41D0000CD64 /* Release */,
			);
			defaultConfigurationIsVisible = 0;
			defaultConfigurationName = Release;
		};
/* End XCConfigurationList section */
	};
	rootObject = F46AE03C1F17A41D0000CD64 /* Project object */;
}
