// !$*UTF8*$!
{
	archiveVersion = 1;
	classes = {
	};
	objectVersion = 46;
	objects = {

/* Begin PBXBuildFile section */
		996B731B9A5F287B78E33217 /* Pods_ClienteAPI.framework in Frameworks */ = {isa = PBXBuildFile; fileRef = F404E3E8C0C80624FDA3DB82 /* Pods_ClienteAPI.framework */; };
		F4443D2F1F111E610033A398 /* Reachability.swift in Sources */ = {isa = PBXBuildFile; fileRef = F4443D2E1F111E610033A398 /* Reachability.swift */; };
		F4443D311F1120210033A398 /* DataResponseExtension.swift in Sources */ = {isa = PBXBuildFile; fileRef = F4443D301F1120210033A398 /* DataResponseExtension.swift */; };
		F45AAC8F1F110461004EADA0 /* AppDelegate.swift in Sources */ = {isa = PBXBuildFile; fileRef = F45AAC8E1F110461004EADA0 /* AppDelegate.swift */; };
		F45AAC911F110461004EADA0 /* ViewController.swift in Sources */ = {isa = PBXBuildFile; fileRef = F45AAC901F110461004EADA0 /* ViewController.swift */; };
		F45AAC941F110461004EADA0 /* Main.storyboard in Resources */ = {isa = PBXBuildFile; fileRef = F45AAC921F110461004EADA0 /* Main.storyboard */; };
		F45AAC961F110461004EADA0 /* Assets.xcassets in Resources */ = {isa = PBXBuildFile; fileRef = F45AAC951F110461004EADA0 /* Assets.xcassets */; };
		F45AAC991F110461004EADA0 /* LaunchScreen.storyboard in Resources */ = {isa = PBXBuildFile; fileRef = F45AAC971F110461004EADA0 /* LaunchScreen.storyboard */; };
		F4B888E11F11110F0033AC23 /* Network.swift in Sources */ = {isa = PBXBuildFile; fileRef = F4B888E01F11110F0033AC23 /* Network.swift */; };
		F4B888E31F1111F10033AC23 /* Person.swift in Sources */ = {isa = PBXBuildFile; fileRef = F4B888E21F1111F10033AC23 /* Person.swift */; };
/* End PBXBuildFile section */

/* Begin PBXFileReference section */
		3C02E14B7894202616C83592 /* Pods-ClienteAPI.release.xcconfig */ = {isa = PBXFileReference; includeInIndex = 1; lastKnownFileType = text.xcconfig; name = "Pods-ClienteAPI.release.xcconfig"; path = "Pods/Target Support Files/Pods-ClienteAPI/Pods-ClienteAPI.release.xcconfig"; sourceTree = "<group>"; };
		4334BA7ABB351739E24B0F5F /* Pods-ClienteAPI.debug.xcconfig */ = {isa = PBXFileReference; includeInIndex = 1; lastKnownFileType = text.xcconfig; name = "Pods-ClienteAPI.debug.xcconfig"; path = "Pods/Target Support Files/Pods-ClienteAPI/Pods-ClienteAPI.debug.xcconfig"; sourceTree = "<group>"; };
		F404E3E8C0C80624FDA3DB82 /* Pods_ClienteAPI.framework */ = {isa = PBXFileReference; explicitFileType = wrapper.framework; includeInIndex = 0; path = Pods_ClienteAPI.framework; sourceTree = BUILT_PRODUCTS_DIR; };
		F4443D2E1F111E610033A398 /* Reachability.swift */ = {isa = PBXFileReference; fileEncoding = 4; lastKnownFileType = sourcecode.swift; path = Reachability.swift; sourceTree = "<group>"; };
		F4443D301F1120210033A398 /* DataResponseExtension.swift */ = {isa = PBXFileReference; fileEncoding = 4; lastKnownFileType = sourcecode.swift; path = DataResponseExtension.swift; sourceTree = "<group>"; };
		F45AAC8B1F110461004EADA0 /* ClienteAPI.app */ = {isa = PBXFileReference; explicitFileType = wrapper.application; includeInIndex = 0; path = ClienteAPI.app; sourceTree = BUILT_PRODUCTS_DIR; };
		F45AAC8E1F110461004EADA0 /* AppDelegate.swift */ = {isa = PBXFileReference; lastKnownFileType = sourcecode.swift; path = AppDelegate.swift; sourceTree = "<group>"; };
		F45AAC901F110461004EADA0 /* ViewController.swift */ = {isa = PBXFileReference; lastKnownFileType = sourcecode.swift; path = ViewController.swift; sourceTree = "<group>"; };
		F45AAC931F110461004EADA0 /* Base */ = {isa = PBXFileReference; lastKnownFileType = file.storyboard; name = Base; path = Base.lproj/Main.storyboard; sourceTree = "<group>"; };
		F45AAC951F110461004EADA0 /* Assets.xcassets */ = {isa = PBXFileReference; lastKnownFileType = folder.assetcatalog; path = Assets.xcassets; sourceTree = "<group>"; };
		F45AAC981F110461004EADA0 /* Base */ = {isa = PBXFileReference; lastKnownFileType = file.storyboard; name = Base; path = Base.lproj/LaunchScreen.storyboard; sourceTree = "<group>"; };
		F45AAC9A1F110461004EADA0 /* Info.plist */ = {isa = PBXFileReference; lastKnownFileType = text.plist.xml; path = Info.plist; sourceTree = "<group>"; };
		F4B888E01F11110F0033AC23 /* Network.swift */ = {isa = PBXFileReference; fileEncoding = 4; lastKnownFileType = sourcecode.swift; path = Network.swift; sourceTree = "<group>"; };
		F4B888E21F1111F10033AC23 /* Person.swift */ = {isa = PBXFileReference; fileEncoding = 4; lastKnownFileType = sourcecode.swift; path = Person.swift; sourceTree = "<group>"; };
/* End PBXFileReference section */

/* Begin PBXFrameworksBuildPhase section */
		F45AAC881F110461004EADA0 /* Frameworks */ = {
			isa = PBXFrameworksBuildPhase;
			buildActionMask = 2147483647;
			files = (
				996B731B9A5F287B78E33217 /* Pods_ClienteAPI.framework in Frameworks */,
			);
			runOnlyForDeploymentPostprocessing = 0;
		};
/* End PBXFrameworksBuildPhase section */

/* Begin PBXGroup section */
		D619851F83C1D333BE34C8C5 /* Pods */ = {
			isa = PBXGroup;
			children = (
				4334BA7ABB351739E24B0F5F /* Pods-ClienteAPI.debug.xcconfig */,
				3C02E14B7894202616C83592 /* Pods-ClienteAPI.release.xcconfig */,
			);
			name = Pods;
			sourceTree = "<group>";
		};
		E043260A2A0C5CE0DD989174 /* Frameworks */ = {
			isa = PBXGroup;
			children = (
				F404E3E8C0C80624FDA3DB82 /* Pods_ClienteAPI.framework */,
			);
			name = Frameworks;
			sourceTree = "<group>";
		};
		F45AAC821F110461004EADA0 = {
			isa = PBXGroup;
			children = (
				F45AAC8D1F110461004EADA0 /* ClienteAPI */,
				F45AAC8C1F110461004EADA0 /* Products */,
				D619851F83C1D333BE34C8C5 /* Pods */,
				E043260A2A0C5CE0DD989174 /* Frameworks */,
			);
			sourceTree = "<group>";
		};
		F45AAC8C1F110461004EADA0 /* Products */ = {
			isa = PBXGroup;
			children = (
				F45AAC8B1F110461004EADA0 /* ClienteAPI.app */,
			);
			name = Products;
			sourceTree = "<group>";
		};
		F45AAC8D1F110461004EADA0 /* ClienteAPI */ = {
			isa = PBXGroup;
			children = (
				F45AACA01F110480004EADA0 /* SupportingFiles */,
				F45AAC901F110461004EADA0 /* ViewController.swift */,
				F4B888E01F11110F0033AC23 /* Network.swift */,
				F45AAC921F110461004EADA0 /* Main.storyboard */,
				F4B888E21F1111F10033AC23 /* Person.swift */,
				F4443D2E1F111E610033A398 /* Reachability.swift */,
				F4443D301F1120210033A398 /* DataResponseExtension.swift */,
			);
			path = ClienteAPI;
			sourceTree = "<group>";
		};
		F45AACA01F110480004EADA0 /* SupportingFiles */ = {
			isa = PBXGroup;
			children = (
				F45AAC8E1F110461004EADA0 /* AppDelegate.swift */,
				F45AAC951F110461004EADA0 /* Assets.xcassets */,
				F45AAC971F110461004EADA0 /* LaunchScreen.storyboard */,
				F45AAC9A1F110461004EADA0 /* Info.plist */,
			);
			name = SupportingFiles;
			sourceTree = "<group>";
		};
/* End PBXGroup section */

/* Begin PBXNativeTarget section */
		F45AAC8A1F110461004EADA0 /* ClienteAPI */ = {
			isa = PBXNativeTarget;
			buildConfigurationList = F45AAC9D1F110461004EADA0 /* Build configuration list for PBXNativeTarget "ClienteAPI" */;
			buildPhases = (
				DCBF58E83F728E860ABD69BB /* [CP] Check Pods Manifest.lock */,
				F45AAC871F110461004EADA0 /* Sources */,
				F45AAC881F110461004EADA0 /* Frameworks */,
				F45AAC891F110461004EADA0 /* Resources */,
				72623FF1AF1D38F3A4B9597D /* [CP] Embed Pods Frameworks */,
				DB95DA404C2CB25C000B3ABC /* [CP] Copy Pods Resources */,
			);
			buildRules = (
			);
			dependencies = (
			);
			name = ClienteAPI;
			productName = ClienteAPI;
			productReference = F45AAC8B1F110461004EADA0 /* ClienteAPI.app */;
			productType = "com.apple.product-type.application";
		};
/* End PBXNativeTarget section */

/* Begin PBXProject section */
		F45AAC831F110461004EADA0 /* Project object */ = {
			isa = PBXProject;
			attributes = {
				LastSwiftUpdateCheck = 0830;
				LastUpgradeCheck = 0830;
				ORGANIZATIONNAME = CWI;
				TargetAttributes = {
					F45AAC8A1F110461004EADA0 = {
						CreatedOnToolsVersion = 8.3.3;
						ProvisioningStyle = Automatic;
					};
				};
			};
			buildConfigurationList = F45AAC861F110461004EADA0 /* Build configuration list for PBXProject "ClienteAPI" */;
			compatibilityVersion = "Xcode 3.2";
			developmentRegion = English;
			hasScannedForEncodings = 0;
			knownRegions = (
				en,
				Base,
			);
			mainGroup = F45AAC821F110461004EADA0;
			productRefGroup = F45AAC8C1F110461004EADA0 /* Products */;
			projectDirPath = "";
			projectRoot = "";
			targets = (
				F45AAC8A1F110461004EADA0 /* ClienteAPI */,
			);
		};
/* End PBXProject section */

/* Begin PBXResourcesBuildPhase section */
		F45AAC891F110461004EADA0 /* Resources */ = {
			isa = PBXResourcesBuildPhase;
			buildActionMask = 2147483647;
			files = (
				F45AAC991F110461004EADA0 /* LaunchScreen.storyboard in Resources */,
				F45AAC961F110461004EADA0 /* Assets.xcassets in Resources */,
				F45AAC941F110461004EADA0 /* Main.storyboard in Resources */,
			);
			runOnlyForDeploymentPostprocessing = 0;
		};
/* End PBXResourcesBuildPhase section */

/* Begin PBXShellScriptBuildPhase section */
		72623FF1AF1D38F3A4B9597D /* [CP] Embed Pods Frameworks */ = {
			isa = PBXShellScriptBuildPhase;
			buildActionMask = 2147483647;
			files = (
			);
			inputPaths = (
			);
			name = "[CP] Embed Pods Frameworks";
			outputPaths = (
			);
			runOnlyForDeploymentPostprocessing = 0;
			shellPath = /bin/sh;
			shellScript = "\"${SRCROOT}/Pods/Target Support Files/Pods-ClienteAPI/Pods-ClienteAPI-frameworks.sh\"\n";
			showEnvVarsInLog = 0;
		};
		DB95DA404C2CB25C000B3ABC /* [CP] Copy Pods Resources */ = {
			isa = PBXShellScriptBuildPhase;
			buildActionMask = 2147483647;
			files = (
			);
			inputPaths = (
			);
			name = "[CP] Copy Pods Resources";
			outputPaths = (
			);
			runOnlyForDeploymentPostprocessing = 0;
			shellPath = /bin/sh;
			shellScript = "\"${SRCROOT}/Pods/Target Support Files/Pods-ClienteAPI/Pods-ClienteAPI-resources.sh\"\n";
			showEnvVarsInLog = 0;
		};
		DCBF58E83F728E860ABD69BB /* [CP] Check Pods Manifest.lock */ = {
			isa = PBXShellScriptBuildPhase;
			buildActionMask = 2147483647;
			files = (
			);
			inputPaths = (
			);
			name = "[CP] Check Pods Manifest.lock";
			outputPaths = (
			);
			runOnlyForDeploymentPostprocessing = 0;
			shellPath = /bin/sh;
			shellScript = "diff \"${PODS_PODFILE_DIR_PATH}/Podfile.lock\" \"${PODS_ROOT}/Manifest.lock\" > /dev/null\nif [ $? != 0 ] ; then\n    # print error to STDERR\n    echo \"error: The sandbox is not in sync with the Podfile.lock. Run 'pod install' or update your CocoaPods installation.\" >&2\n    exit 1\nfi\n";
			showEnvVarsInLog = 0;
		};
/* End PBXShellScriptBuildPhase section */

/* Begin PBXSourcesBuildPhase section */
		F45AAC871F110461004EADA0 /* Sources */ = {
			isa = PBXSourcesBuildPhase;
			buildActionMask = 2147483647;
			files = (
				F45AAC911F110461004EADA0 /* ViewController.swift in Sources */,
				F45AAC8F1F110461004EADA0 /* AppDelegate.swift in Sources */,
				F4B888E31F1111F10033AC23 /* Person.swift in Sources */,
				F4443D2F1F111E610033A398 /* Reachability.swift in Sources */,
				F4443D311F1120210033A398 /* DataResponseExtension.swift in Sources */,
				F4B888E11F11110F0033AC23 /* Network.swift in Sources */,
			);
			runOnlyForDeploymentPostprocessing = 0;
		};
/* End PBXSourcesBuildPhase section */

/* Begin PBXVariantGroup section */
		F45AAC921F110461004EADA0 /* Main.storyboard */ = {
			isa = PBXVariantGroup;
			children = (
				F45AAC931F110461004EADA0 /* Base */,
			);
			name = Main.storyboard;
			sourceTree = "<group>";
		};
		F45AAC971F110461004EADA0 /* LaunchScreen.storyboard */ = {
			isa = PBXVariantGroup;
			children = (
				F45AAC981F110461004EADA0 /* Base */,
			);
			name = LaunchScreen.storyboard;
			sourceTree = "<group>";
		};
/* End PBXVariantGroup section */

/* Begin XCBuildConfiguration section */
		F45AAC9B1F110461004EADA0 /* Debug */ = {
			isa = XCBuildConfiguration;
			buildSettings = {
				ALWAYS_SEARCH_USER_PATHS = NO;
				CLANG_ANALYZER_NONNULL = YES;
				CLANG_ANALYZER_NUMBER_OBJECT_CONVERSION = YES_AGGRESSIVE;
				CLANG_CXX_LANGUAGE_STANDARD = "gnu++0x";
				CLANG_CXX_LIBRARY = "libc++";
				CLANG_ENABLE_MODULES = YES;
				CLANG_ENABLE_OBJC_ARC = YES;
				CLANG_WARN_BOOL_CONVERSION = YES;
				CLANG_WARN_CONSTANT_CONVERSION = YES;
				CLANG_WARN_DIRECT_OBJC_ISA_USAGE = YES_ERROR;
				CLANG_WARN_DOCUMENTATION_COMMENTS = YES;
				CLANG_WARN_EMPTY_BODY = YES;
				CLANG_WARN_ENUM_CONVERSION = YES;
				CLANG_WARN_INFINITE_RECURSION = YES;
				CLANG_WARN_INT_CONVERSION = YES;
				CLANG_WARN_OBJC_ROOT_CLASS = YES_ERROR;
				CLANG_WARN_SUSPICIOUS_MOVE = YES;
				CLANG_WARN_UNREACHABLE_CODE = YES;
				CLANG_WARN__DUPLICATE_METHOD_MATCH = YES;
				"CODE_SIGN_IDENTITY[sdk=iphoneos*]" = "iPhone Developer";
				COPY_PHASE_STRIP = NO;
				DEBUG_INFORMATION_FORMAT = dwarf;
				ENABLE_STRICT_OBJC_MSGSEND = YES;
				ENABLE_TESTABILITY = YES;
				GCC_C_LANGUAGE_STANDARD = gnu99;
				GCC_DYNAMIC_NO_PIC = NO;
				GCC_NO_COMMON_BLOCKS = YES;
				GCC_OPTIMIZATION_LEVEL = 0;
				GCC_PREPROCESSOR_DEFINITIONS = (
					"DEBUG=1",
					"$(inherited)",
				);
				GCC_WARN_64_TO_32_BIT_CONVERSION = YES;
				GCC_WARN_ABOUT_RETURN_TYPE = YES_ERROR;
				GCC_WARN_UNDECLARED_SELECTOR = YES;
				GCC_WARN_UNINITIALIZED_AUTOS = YES_AGGRESSIVE;
				GCC_WARN_UNUSED_FUNCTION = YES;
				GCC_WARN_UNUSED_VARIABLE = YES;
				IPHONEOS_DEPLOYMENT_TARGET = 10.3;
				MTL_ENABLE_DEBUG_INFO = YES;
				ONLY_ACTIVE_ARCH = YES;
				SDKROOT = iphoneos;
				SWIFT_ACTIVE_COMPILATION_CONDITIONS = DEBUG;
				SWIFT_OPTIMIZATION_LEVEL = "-Onone";
				TARGETED_DEVICE_FAMILY = "1,2";
			};
			name = Debug;
		};
		F45AAC9C1F110461004EADA0 /* Release */ = {
			isa = XCBuildConfiguration;
			buildSettings = {
				ALWAYS_SEARCH_USER_PATHS = NO;
				CLANG_ANALYZER_NONNULL = YES;
				CLANG_ANALYZER_NUMBER_OBJECT_CONVERSION = YES_AGGRESSIVE;
				CLANG_CXX_LANGUAGE_STANDARD = "gnu++0x";
				CLANG_CXX_LIBRARY = "libc++";
				CLANG_ENABLE_MODULES = YES;
				CLANG_ENABLE_OBJC_ARC = YES;
				CLANG_WARN_BOOL_CONVERSION = YES;
				CLANG_WARN_CONSTANT_CONVERSION = YES;
				CLANG_WARN_DIRECT_OBJC_ISA_USAGE = YES_ERROR;
				CLANG_WARN_DOCUMENTATION_COMMENTS = YES;
				CLANG_WARN_EMPTY_BODY = YES;
				CLANG_WARN_ENUM_CONVERSION = YES;
				CLANG_WARN_INFINITE_RECURSION = YES;
				CLANG_WARN_INT_CONVERSION = YES;
				CLANG_WARN_OBJC_ROOT_CLASS = YES_ERROR;
				CLANG_WARN_SUSPICIOUS_MOVE = YES;
				CLANG_WARN_UNREACHABLE_CODE = YES;
				CLANG_WARN__DUPLICATE_METHOD_MATCH = YES;
				"CODE_SIGN_IDENTITY[sdk=iphoneos*]" = "iPhone Developer";
				COPY_PHASE_STRIP = NO;
				DEBUG_INFORMATION_FORMAT = "dwarf-with-dsym";
				ENABLE_NS_ASSERTIONS = NO;
				ENABLE_STRICT_OBJC_MSGSEND = YES;
				GCC_C_LANGUAGE_STANDARD = gnu99;
				GCC_NO_COMMON_BLOCKS = YES;
				GCC_WARN_64_TO_32_BIT_CONVERSION = YES;
				GCC_WARN_ABOUT_RETURN_TYPE = YES_ERROR;
				GCC_WARN_UNDECLARED_SELECTOR = YES;
				GCC_WARN_UNINITIALIZED_AUTOS = YES_AGGRESSIVE;
				GCC_WARN_UNUSED_FUNCTION = YES;
				GCC_WARN_UNUSED_VARIABLE = YES;
				IPHONEOS_DEPLOYMENT_TARGET = 10.3;
				MTL_ENABLE_DEBUG_INFO = NO;
				SDKROOT = iphoneos;
				SWIFT_OPTIMIZATION_LEVEL = "-Owholemodule";
				TARGETED_DEVICE_FAMILY = "1,2";
				VALIDATE_PRODUCT = YES;
			};
			name = Release;
		};
		F45AAC9E1F110461004EADA0 /* Debug */ = {
			isa = XCBuildConfiguration;
			baseConfigurationReference = 4334BA7ABB351739E24B0F5F /* Pods-ClienteAPI.debug.xcconfig */;
			buildSettings = {
				ASSETCATALOG_COMPILER_APPICON_NAME = AppIcon;
				INFOPLIST_FILE = ClienteAPI/Info.plist;
				LD_RUNPATH_SEARCH_PATHS = "$(inherited) @executable_path/Frameworks";
				PRODUCT_BUNDLE_IDENTIFIER = br.com.cwi.ClienteAPI;
				PRODUCT_NAME = "$(TARGET_NAME)";
				SWIFT_VERSION = 3.0;
			};
			name = Debug;
		};
		F45AAC9F1F110461004EADA0 /* Release */ = {
			isa = XCBuildConfiguration;
			baseConfigurationReference = 3C02E14B7894202616C83592 /* Pods-ClienteAPI.release.xcconfig */;
			buildSettings = {
				ASSETCATALOG_COMPILER_APPICON_NAME = AppIcon;
				INFOPLIST_FILE = ClienteAPI/Info.plist;
				LD_RUNPATH_SEARCH_PATHS = "$(inherited) @executable_path/Frameworks";
				PRODUCT_BUNDLE_IDENTIFIER = br.com.cwi.ClienteAPI;
				PRODUCT_NAME = "$(TARGET_NAME)";
				SWIFT_VERSION = 3.0;
			};
			name = Release;
		};
/* End XCBuildConfiguration section */

/* Begin XCConfigurationList section */
		F45AAC861F110461004EADA0 /* Build configuration list for PBXProject "ClienteAPI" */ = {
			isa = XCConfigurationList;
			buildConfigurations = (
				F45AAC9B1F110461004EADA0 /* Debug */,
				F45AAC9C1F110461004EADA0 /* Release */,
			);
			defaultConfigurationIsVisible = 0;
			defaultConfigurationName = Release;
		};
		F45AAC9D1F110461004EADA0 /* Build configuration list for PBXNativeTarget "ClienteAPI" */ = {
			isa = XCConfigurationList;
			buildConfigurations = (
				F45AAC9E1F110461004EADA0 /* Debug */,
				F45AAC9F1F110461004EADA0 /* Release */,
			);
			defaultConfigurationIsVisible = 0;
			defaultConfigurationName = Release;
		};
/* End XCConfigurationList section */
	};
	rootObject = F45AAC831F110461004EADA0 /* Project object */;
}
