// !$*UTF8*$!
{
	archiveVersion = 1;
	classes = {
	};
	objectVersion = 46;
	objects = {

/* Begin PBXBuildFile section */
		F46AE0281F17A1950000CD64 /* AppDelegate.swift in Sources */ = {isa = PBXBuildFile; fileRef = F46AE0271F17A1950000CD64 /* AppDelegate.swift */; };
		F46AE02A1F17A1950000CD64 /* ViewController.swift in Sources */ = {isa = PBXBuildFile; fileRef = F46AE0291F17A1950000CD64 /* ViewController.swift */; };
		F46AE02D1F17A1950000CD64 /* Main.storyboard in Resources */ = {isa = PBXBuildFile; fileRef = F46AE02B1F17A1950000CD64 /* Main.storyboard */; };
		F46AE02F1F17A1950000CD64 /* Assets.xcassets in Resources */ = {isa = PBXBuildFile; fileRef = F46AE02E1F17A1950000CD64 /* Assets.xcassets */; };
		F46AE0321F17A1950000CD64 /* LaunchScreen.storyboard in Resources */ = {isa = PBXBuildFile; fileRef = F46AE0301F17A1950000CD64 /* LaunchScreen.storyboard */; };
		F46AE03A1F17A38A0000CD64 /* CenterView.swift in Sources */ = {isa = PBXBuildFile; fileRef = F46AE0391F17A38A0000CD64 /* CenterView.swift */; };
/* End PBXBuildFile section */

/* Begin PBXFileReference section */
		F46AE0241F17A1950000CD64 /* Animacoes.app */ = {isa = PBXFileReference; explicitFileType = wrapper.application; includeInIndex = 0; path = Animacoes.app; sourceTree = BUILT_PRODUCTS_DIR; };
		F46AE0271F17A1950000CD64 /* AppDelegate.swift */ = {isa = PBXFileReference; lastKnownFileType = sourcecode.swift; path = AppDelegate.swift; sourceTree = "<group>"; };
		F46AE0291F17A1950000CD64 /* ViewController.swift */ = {isa = PBXFileReference; lastKnownFileType = sourcecode.swift; path = ViewController.swift; sourceTree = "<group>"; };
		F46AE02C1F17A1950000CD64 /* Base */ = {isa = PBXFileReference; lastKnownFileType = file.storyboard; name = Base; path = Base.lproj/Main.storyboard; sourceTree = "<group>"; };
		F46AE02E1F17A1950000CD64 /* Assets.xcassets */ = {isa = PBXFileReference; lastKnownFileType = folder.assetcatalog; path = Assets.xcassets; sourceTree = "<group>"; };
		F46AE0311F17A1950000CD64 /* Base */ = {isa = PBXFileReference; lastKnownFileType = file.storyboard; name = Base; path = Base.lproj/LaunchScreen.storyboard; sourceTree = "<group>"; };
		F46AE0331F17A1950000CD64 /* Info.plist */ = {isa = PBXFileReference; lastKnownFileType = text.plist.xml; path = Info.plist; sourceTree = "<group>"; };
		F46AE0391F17A38A0000CD64 /* CenterView.swift */ = {isa = PBXFileReference; fileEncoding = 4; lastKnownFileType = sourcecode.swift; path = CenterView.swift; sourceTree = "<group>"; };
/* End PBXFileReference section */

/* Begin PBXFrameworksBuildPhase section */
		F46AE0211F17A1950000CD64 /* Frameworks */ = {
			isa = PBXFrameworksBuildPhase;
			buildActionMask = 2147483647;
			files = (
			);
			runOnlyForDeploymentPostprocessing = 0;
		};
/* End PBXFrameworksBuildPhase section */

/* Begin PBXGroup section */
		F46AE01B1F17A1950000CD64 = {
			isa = PBXGroup;
			children = (
				F46AE0261F17A1950000CD64 /* Animacoes */,
				F46AE0251F17A1950000CD64 /* Products */,
			);
			sourceTree = "<group>";
		};
		F46AE0251F17A1950000CD64 /* Products */ = {
			isa = PBXGroup;
			children = (
				F46AE0241F17A1950000CD64 /* Animacoes.app */,
			);
			name = Products;
			sourceTree = "<group>";
		};
		F46AE0261F17A1950000CD64 /* Animacoes */ = {
			isa = PBXGroup;
			children = (
				F46AE0271F17A1950000CD64 /* AppDelegate.swift */,
				F46AE0291F17A1950000CD64 /* ViewController.swift */,
				F46AE02B1F17A1950000CD64 /* Main.storyboard */,
				F46AE02E1F17A1950000CD64 /* Assets.xcassets */,
				F46AE0301F17A1950000CD64 /* LaunchScreen.storyboard */,
				F46AE0331F17A1950000CD64 /* Info.plist */,
				F46AE0391F17A38A0000CD64 /* CenterView.swift */,
			);
			path = Animacoes;
			sourceTree = "<group>";
		};
/* End PBXGroup section */

/* Begin PBXNativeTarget section */
		F46AE0231F17A1950000CD64 /* Animacoes */ = {
			isa = PBXNativeTarget;
			buildConfigurationList = F46AE0361F17A1950000CD64 /* Build configuration list for PBXNativeTarget "Animacoes" */;
			buildPhases = (
				F46AE0201F17A1950000CD64 /* Sources */,
				F46AE0211F17A1950000CD64 /* Frameworks */,
				F46AE0221F17A1950000CD64 /* Resources */,
			);
			buildRules = (
			);
			dependencies = (
			);
			name = Animacoes;
			productName = Animacoes;
			productReference = F46AE0241F17A1950000CD64 /* Animacoes.app */;
			productType = "com.apple.product-type.application";
		};
/* End PBXNativeTarget section */

/* Begin PBXProject section */
		F46AE01C1F17A1950000CD64 /* Project object */ = {
			isa = PBXProject;
			attributes = {
				LastSwiftUpdateCheck = 0830;
				LastUpgradeCheck = 0830;
				ORGANIZATIONNAME = CWI;
				TargetAttributes = {
					F46AE0231F17A1950000CD64 = {
						CreatedOnToolsVersion = 8.3.3;
						ProvisioningStyle = Automatic;
					};
				};
			};
			buildConfigurationList = F46AE01F1F17A1950000CD64 /* Build configuration list for PBXProject "Animacoes" */;
			compatibilityVersion = "Xcode 3.2";
			developmentRegion = English;
			hasScannedForEncodings = 0;
			knownRegions = (
				en,
				Base,
			);
			mainGroup = F46AE01B1F17A1950000CD64;
			productRefGroup = F46AE0251F17A1950000CD64 /* Products */;
			projectDirPath = "";
			projectRoot = "";
			targets = (
				F46AE0231F17A1950000CD64 /* Animacoes */,
			);
		};
/* End PBXProject section */

/* Begin PBXResourcesBuildPhase section */
		F46AE0221F17A1950000CD64 /* Resources */ = {
			isa = PBXResourcesBuildPhase;
			buildActionMask = 2147483647;
			files = (
				F46AE0321F17A1950000CD64 /* LaunchScreen.storyboard in Resources */,
				F46AE02F1F17A1950000CD64 /* Assets.xcassets in Resources */,
				F46AE02D1F17A1950000CD64 /* Main.storyboard in Resources */,
			);
			runOnlyForDeploymentPostprocessing = 0;
		};
/* End PBXResourcesBuildPhase section */

/* Begin PBXSourcesBuildPhase section */
		F46AE0201F17A1950000CD64 /* Sources */ = {
			isa = PBXSourcesBuildPhase;
			buildActionMask = 2147483647;
			files = (
				F46AE02A1F17A1950000CD64 /* ViewController.swift in Sources */,
				F46AE03A1F17A38A0000CD64 /* CenterView.swift in Sources */,
				F46AE0281F17A1950000CD64 /* AppDelegate.swift in Sources */,
			);
			runOnlyForDeploymentPostprocessing = 0;
		};
/* End PBXSourcesBuildPhase section */

/* Begin PBXVariantGroup section */
		F46AE02B1F17A1950000CD64 /* Main.storyboard */ = {
			isa = PBXVariantGroup;
			children = (
				F46AE02C1F17A1950000CD64 /* Base */,
			);
			name = Main.storyboard;
			sourceTree = "<group>";
		};
		F46AE0301F17A1950000CD64 /* LaunchScreen.storyboard */ = {
			isa = PBXVariantGroup;
			children = (
				F46AE0311F17A1950000CD64 /* Base */,
			);
			name = LaunchScreen.storyboard;
			sourceTree = "<group>";
		};
/* End PBXVariantGroup section */

/* Begin XCBuildConfiguration section */
		F46AE0341F17A1950000CD64 /* Debug */ = {
			isa = XCBuildConfiguration;
			buildSettings = {
				ALWAYS_SEARCH_USER_PATHS = NO;
				CLANG_ANALYZER_NONNULL = YES;
				CLANG_ANALYZER_NUMBER_OBJECT_CONVERSION = YES_AGGRESSIVE;
				CLANG_CXX_LANGUAGE_STANDARD = "gnu++0x";
				CLANG_CXX_LIBRARY = "libc++";
				CLANG_ENABLE_MODULES = YES;
				CLANG_ENABLE_OBJC_ARC = YES;
				CLANG_WARN_BOOL_CONVERSION = YES;
				CLANG_WARN_CONSTANT_CONVERSION = YES;
				CLANG_WARN_DIRECT_OBJC_ISA_USAGE = YES_ERROR;
				CLANG_WARN_DOCUMENTATION_COMMENTS = YES;
				CLANG_WARN_EMPTY_BODY = YES;
				CLANG_WARN_ENUM_CONVERSION = YES;
				CLANG_WARN_INFINITE_RECURSION = YES;
				CLANG_WARN_INT_CONVERSION = YES;
				CLANG_WARN_OBJC_ROOT_CLASS = YES_ERROR;
				CLANG_WARN_SUSPICIOUS_MOVE = YES;
				CLANG_WARN_UNREACHABLE_CODE = YES;
				CLANG_WARN__DUPLICATE_METHOD_MATCH = YES;
				"CODE_SIGN_IDENTITY[sdk=iphoneos*]" = "iPhone Developer";
				COPY_PHASE_STRIP = NO;
				DEBUG_INFORMATION_FORMAT = dwarf;
				ENABLE_STRICT_OBJC_MSGSEND = YES;
				ENABLE_TESTABILITY = YES;
				GCC_C_LANGUAGE_STANDARD = gnu99;
				GCC_DYNAMIC_NO_PIC = NO;
				GCC_NO_COMMON_BLOCKS = YES;
				GCC_OPTIMIZATION_LEVEL = 0;
				GCC_PREPROCESSOR_DEFINITIONS = (
					"DEBUG=1",
					"$(inherited)",
				);
				GCC_WARN_64_TO_32_BIT_CONVERSION = YES;
				GCC_WARN_ABOUT_RETURN_TYPE = YES_ERROR;
				GCC_WARN_UNDECLARED_SELECTOR = YES;
				GCC_WARN_UNINITIALIZED_AUTOS = YES_AGGRESSIVE;
				GCC_WARN_UNUSED_FUNCTION = YES;
				GCC_WARN_UNUSED_VARIABLE = YES;
				IPHONEOS_DEPLOYMENT_TARGET = 10.3;
				MTL_ENABLE_DEBUG_INFO = YES;
				ONLY_ACTIVE_ARCH = YES;
				SDKROOT = iphoneos;
				SWIFT_ACTIVE_COMPILATION_CONDITIONS = DEBUG;
				SWIFT_OPTIMIZATION_LEVEL = "-Onone";
				TARGETED_DEVICE_FAMILY = "1,2";
			};
			name = Debug;
		};
		F46AE0351F17A1950000CD64 /* Release */ = {
			isa = XCBuildConfiguration;
			buildSettings = {
				ALWAYS_SEARCH_USER_PATHS = NO;
				CLANG_ANALYZER_NONNULL = YES;
				CLANG_ANALYZER_NUMBER_OBJECT_CONVERSION = YES_AGGRESSIVE;
				CLANG_CXX_LANGUAGE_STANDARD = "gnu++0x";
				CLANG_CXX_LIBRARY = "libc++";
				CLANG_ENABLE_MODULES = YES;
				CLANG_ENABLE_OBJC_ARC = YES;
				CLANG_WARN_BOOL_CONVERSION = YES;
				CLANG_WARN_CONSTANT_CONVERSION = YES;
				CLANG_WARN_DIRECT_OBJC_ISA_USAGE = YES_ERROR;
				CLANG_WARN_DOCUMENTATION_COMMENTS = YES;
				CLANG_WARN_EMPTY_BODY = YES;
				CLANG_WARN_ENUM_CONVERSION = YES;
				CLANG_WARN_INFINITE_RECURSION = YES;
				CLANG_WARN_INT_CONVERSION = YES;
				CLANG_WARN_OBJC_ROOT_CLASS = YES_ERROR;
				CLANG_WARN_SUSPICIOUS_MOVE = YES;
				CLANG_WARN_UNREACHABLE_CODE = YES;
				CLANG_WARN__DUPLICATE_METHOD_MATCH = YES;
				"CODE_SIGN_IDENTITY[sdk=iphoneos*]" = "iPhone Developer";
				COPY_PHASE_STRIP = NO;
				DEBUG_INFORMATION_FORMAT = "dwarf-with-dsym";
				ENABLE_NS_ASSERTIONS = NO;
				ENABLE_STRICT_OBJC_MSGSEND = YES;
				GCC_C_LANGUAGE_STANDARD = gnu99;
				GCC_NO_COMMON_BLOCKS = YES;
				GCC_WARN_64_TO_32_BIT_CONVERSION = YES;
				GCC_WARN_ABOUT_RETURN_TYPE = YES_ERROR;
				GCC_WARN_UNDECLARED_SELECTOR = YES;
				GCC_WARN_UNINITIALIZED_AUTOS = YES_AGGRESSIVE;
				GCC_WARN_UNUSED_FUNCTION = YES;
				GCC_WARN_UNUSED_VARIABLE = YES;
				IPHONEOS_DEPLOYMENT_TARGET = 10.3;
				MTL_ENABLE_DEBUG_INFO = NO;
				SDKROOT = iphoneos;
				SWIFT_OPTIMIZATION_LEVEL = "-Owholemodule";
				TARGETED_DEVICE_FAMILY = "1,2";
				VALIDATE_PRODUCT = YES;
			};
			name = Release;
		};
		F46AE0371F17A1950000CD64 /* Debug */ = {
			isa = XCBuildConfiguration;
			buildSettings = {
				ASSETCATALOG_COMPILER_APPICON_NAME = AppIcon;
				INFOPLIST_FILE = Animacoes/Info.plist;
				LD_RUNPATH_SEARCH_PATHS = "$(inherited) @executable_path/Frameworks";
				PRODUCT_BUNDLE_IDENTIFIER = br.com.cwi.Animacoes;
				PRODUCT_NAME = "$(TARGET_NAME)";
				SWIFT_VERSION = 3.0;
			};
			name = Debug;
		};
		F46AE0381F17A1950000CD64 /* Release */ = {
			isa = XCBuildConfiguration;
			buildSettings = {
				ASSETCATALOG_COMPILER_APPICON_NAME = AppIcon;
				INFOPLIST_FILE = Animacoes/Info.plist;
				LD_RUNPATH_SEARCH_PATHS = "$(inherited) @executable_path/Frameworks";
				PRODUCT_BUNDLE_IDENTIFIER = br.com.cwi.Animacoes;
				PRODUCT_NAME = "$(TARGET_NAME)";
				SWIFT_VERSION = 3.0;
			};
			name = Release;
		};
/* End XCBuildConfiguration section */

/* Begin XCConfigurationList section */
		F46AE01F1F17A1950000CD64 /* Build configuration list for PBXProject "Animacoes" */ = {
			isa = XCConfigurationList;
			buildConfigurations = (
				F46AE0341F17A1950000CD64 /* Debug */,
				F46AE0351F17A1950000CD64 /* Release */,
			);
			defaultConfigurationIsVisible = 0;
			defaultConfigurationName = Release;
		};
		F46AE0361F17A1950000CD64 /* Build configuration list for PBXNativeTarget "Animacoes" */ = {
			isa = XCConfigurationList;
			buildConfigurations = (
				F46AE0371F17A1950000CD64 /* Debug */,
				F46AE0381F17A1950000CD64 /* Release */,
			);
			defaultConfigurationIsVisible = 0;
		};
/* End XCConfigurationList section */
	};
	rootObject = F46AE01C1F17A1950000CD64 /* Project object */;
}
