// !$*UTF8*$!
{
	archiveVersion = 1;
	classes = {
	};
	objectVersion = 46;
	objects = {

/* Begin PBXBuildFile section */
		F424B0001F0BDEF400135AA1 /* AppDelegate.swift in Sources */ = {isa = PBXBuildFile; fileRef = F424AFFF1F0BDEF400135AA1 /* AppDelegate.swift */; };
		F424B0021F0BDEF400135AA1 /* ViewController.swift in Sources */ = {isa = PBXBuildFile; fileRef = F424B0011F0BDEF400135AA1 /* ViewController.swift */; };
		F424B0051F0BDEF400135AA1 /* Main.storyboard in Resources */ = {isa = PBXBuildFile; fileRef = F424B0031F0BDEF400135AA1 /* Main.storyboard */; };
		F424B0071F0BDEF400135AA1 /* Assets.xcassets in Resources */ = {isa = PBXBuildFile; fileRef = F424B0061F0BDEF400135AA1 /* Assets.xcassets */; };
		F424B00A1F0BDEF400135AA1 /* LaunchScreen.storyboard in Resources */ = {isa = PBXBuildFile; fileRef = F424B0081F0BDEF400135AA1 /* LaunchScreen.storyboard */; };
/* End PBXBuildFile section */

/* Begin PBXFileReference section */
		F424AFFC1F0BDEF400135AA1 /* TravelJournalApp.app */ = {isa = PBXFileReference; explicitFileType = wrapper.application; includeInIndex = 0; path = TravelJournalApp.app; sourceTree = BUILT_PRODUCTS_DIR; };
		F424AFFF1F0BDEF400135AA1 /* AppDelegate.swift */ = {isa = PBXFileReference; lastKnownFileType = sourcecode.swift; path = AppDelegate.swift; sourceTree = "<group>"; };
		F424B0011F0BDEF400135AA1 /* ViewController.swift */ = {isa = PBXFileReference; lastKnownFileType = sourcecode.swift; path = ViewController.swift; sourceTree = "<group>"; };
		F424B0041F0BDEF400135AA1 /* Base */ = {isa = PBXFileReference; lastKnownFileType = file.storyboard; name = Base; path = Base.lproj/Main.storyboard; sourceTree = "<group>"; };
		F424B0061F0BDEF400135AA1 /* Assets.xcassets */ = {isa = PBXFileReference; lastKnownFileType = folder.assetcatalog; path = Assets.xcassets; sourceTree = "<group>"; };
		F424B0091F0BDEF400135AA1 /* Base */ = {isa = PBXFileReference; lastKnownFileType = file.storyboard; name = Base; path = Base.lproj/LaunchScreen.storyboard; sourceTree = "<group>"; };
		F424B00B1F0BDEF400135AA1 /* Info.plist */ = {isa = PBXFileReference; lastKnownFileType = text.plist.xml; path = Info.plist; sourceTree = "<group>"; };
/* End PBXFileReference section */

/* Begin PBXFrameworksBuildPhase section */
		F424AFF91F0BDEF400135AA1 /* Frameworks */ = {
			isa = PBXFrameworksBuildPhase;
			buildActionMask = 2147483647;
			files = (
			);
			runOnlyForDeploymentPostprocessing = 0;
		};
/* End PBXFrameworksBuildPhase section */

/* Begin PBXGroup section */
		F424AFF31F0BDEF400135AA1 = {
			isa = PBXGroup;
			children = (
				F424AFFE1F0BDEF400135AA1 /* TravelJournalApp */,
				F424AFFD1F0BDEF400135AA1 /* Products */,
			);
			sourceTree = "<group>";
		};
		F424AFFD1F0BDEF400135AA1 /* Products */ = {
			isa = PBXGroup;
			children = (
				F424AFFC1F0BDEF400135AA1 /* TravelJournalApp.app */,
			);
			name = Products;
			sourceTree = "<group>";
		};
		F424AFFE1F0BDEF400135AA1 /* TravelJournalApp */ = {
			isa = PBXGroup;
			children = (
				F424AFFF1F0BDEF400135AA1 /* AppDelegate.swift */,
				F424B0011F0BDEF400135AA1 /* ViewController.swift */,
				F424B0031F0BDEF400135AA1 /* Main.storyboard */,
				F424B0061F0BDEF400135AA1 /* Assets.xcassets */,
				F424B0081F0BDEF400135AA1 /* LaunchScreen.storyboard */,
				F424B00B1F0BDEF400135AA1 /* Info.plist */,
			);
			path = TravelJournalApp;
			sourceTree = "<group>";
		};
/* End PBXGroup section */

/* Begin PBXNativeTarget section */
		F424AFFB1F0BDEF400135AA1 /* TravelJournalApp */ = {
			isa = PBXNativeTarget;
			buildConfigurationList = F424B00E1F0BDEF400135AA1 /* Build configuration list for PBXNativeTarget "TravelJournalApp" */;
			buildPhases = (
				F424AFF81F0BDEF400135AA1 /* Sources */,
				F424AFF91F0BDEF400135AA1 /* Frameworks */,
				F424AFFA1F0BDEF400135AA1 /* Resources */,
			);
			buildRules = (
			);
			dependencies = (
			);
			name = TravelJournalApp;
			productName = TravelJournalApp;
			productReference = F424AFFC1F0BDEF400135AA1 /* TravelJournalApp.app */;
			productType = "com.apple.product-type.application";
		};
/* End PBXNativeTarget section */

/* Begin PBXProject section */
		F424AFF41F0BDEF400135AA1 /* Project object */ = {
			isa = PBXProject;
			attributes = {
				LastSwiftUpdateCheck = 0830;
				LastUpgradeCheck = 0830;
				ORGANIZATIONNAME = CWI;
				TargetAttributes = {
					F424AFFB1F0BDEF400135AA1 = {
						CreatedOnToolsVersion = 8.3.3;
						ProvisioningStyle = Automatic;
					};
				};
			};
			buildConfigurationList = F424AFF71F0BDEF400135AA1 /* Build configuration list for PBXProject "TravelJournalApp" */;
			compatibilityVersion = "Xcode 3.2";
			developmentRegion = English;
			hasScannedForEncodings = 0;
			knownRegions = (
				en,
				Base,
			);
			mainGroup = F424AFF31F0BDEF400135AA1;
			productRefGroup = F424AFFD1F0BDEF400135AA1 /* Products */;
			projectDirPath = "";
			projectRoot = "";
			targets = (
				F424AFFB1F0BDEF400135AA1 /* TravelJournalApp */,
			);
		};
/* End PBXProject section */

/* Begin PBXResourcesBuildPhase section */
		F424AFFA1F0BDEF400135AA1 /* Resources */ = {
			isa = PBXResourcesBuildPhase;
			buildActionMask = 2147483647;
			files = (
				F424B00A1F0BDEF400135AA1 /* LaunchScreen.storyboard in Resources */,
				F424B0071F0BDEF400135AA1 /* Assets.xcassets in Resources */,
				F424B0051F0BDEF400135AA1 /* Main.storyboard in Resources */,
			);
			runOnlyForDeploymentPostprocessing = 0;
		};
/* End PBXResourcesBuildPhase section */

/* Begin PBXSourcesBuildPhase section */
		F424AFF81F0BDEF400135AA1 /* Sources */ = {
			isa = PBXSourcesBuildPhase;
			buildActionMask = 2147483647;
			files = (
				F424B0021F0BDEF400135AA1 /* ViewController.swift in Sources */,
				F424B0001F0BDEF400135AA1 /* AppDelegate.swift in Sources */,
			);
			runOnlyForDeploymentPostprocessing = 0;
		};
/* End PBXSourcesBuildPhase section */

/* Begin PBXVariantGroup section */
		F424B0031F0BDEF400135AA1 /* Main.storyboard */ = {
			isa = PBXVariantGroup;
			children = (
				F424B0041F0BDEF400135AA1 /* Base */,
			);
			name = Main.storyboard;
			sourceTree = "<group>";
		};
		F424B0081F0BDEF400135AA1 /* LaunchScreen.storyboard */ = {
			isa = PBXVariantGroup;
			children = (
				F424B0091F0BDEF400135AA1 /* Base */,
			);
			name = LaunchScreen.storyboard;
			sourceTree = "<group>";
		};
/* End PBXVariantGroup section */

/* Begin XCBuildConfiguration section */
		F424B00C1F0BDEF400135AA1 /* Debug */ = {
			isa = XCBuildConfiguration;
			buildSettings = {
				ALWAYS_SEARCH_USER_PATHS = NO;
				CLANG_ANALYZER_NONNULL = YES;
				CLANG_ANALYZER_NUMBER_OBJECT_CONVERSION = YES_AGGRESSIVE;
				CLANG_CXX_LANGUAGE_STANDARD = "gnu++0x";
				CLANG_CXX_LIBRARY = "libc++";
				CLANG_ENABLE_MODULES = YES;
				CLANG_ENABLE_OBJC_ARC = YES;
				CLANG_WARN_BOOL_CONVERSION = YES;
				CLANG_WARN_CONSTANT_CONVERSION = YES;
				CLANG_WARN_DIRECT_OBJC_ISA_USAGE = YES_ERROR;
				CLANG_WARN_DOCUMENTATION_COMMENTS = YES;
				CLANG_WARN_EMPTY_BODY = YES;
				CLANG_WARN_ENUM_CONVERSION = YES;
				CLANG_WARN_INFINITE_RECURSION = YES;
				CLANG_WARN_INT_CONVERSION = YES;
				CLANG_WARN_OBJC_ROOT_CLASS = YES_ERROR;
				CLANG_WARN_SUSPICIOUS_MOVE = YES;
				CLANG_WARN_UNREACHABLE_CODE = YES;
				CLANG_WARN__DUPLICATE_METHOD_MATCH = YES;
				"CODE_SIGN_IDENTITY[sdk=iphoneos*]" = "iPhone Developer";
				COPY_PHASE_STRIP = NO;
				DEBUG_INFORMATION_FORMAT = dwarf;
				ENABLE_STRICT_OBJC_MSGSEND = YES;
				ENABLE_TESTABILITY = YES;
				GCC_C_LANGUAGE_STANDARD = gnu99;
				GCC_DYNAMIC_NO_PIC = NO;
				GCC_NO_COMMON_BLOCKS = YES;
				GCC_OPTIMIZATION_LEVEL = 0;
				GCC_PREPROCESSOR_DEFINITIONS = (
					"DEBUG=1",
					"$(inherited)",
				);
				GCC_WARN_64_TO_32_BIT_CONVERSION = YES;
				GCC_WARN_ABOUT_RETURN_TYPE = YES_ERROR;
				GCC_WARN_UNDECLARED_SELECTOR = YES;
				GCC_WARN_UNINITIALIZED_AUTOS = YES_AGGRESSIVE;
				GCC_WARN_UNUSED_FUNCTION = YES;
				GCC_WARN_UNUSED_VARIABLE = YES;
				IPHONEOS_DEPLOYMENT_TARGET = 10.3;
				MTL_ENABLE_DEBUG_INFO = YES;
				ONLY_ACTIVE_ARCH = YES;
				SDKROOT = iphoneos;
				SWIFT_ACTIVE_COMPILATION_CONDITIONS = DEBUG;
				SWIFT_OPTIMIZATION_LEVEL = "-Onone";
				TARGETED_DEVICE_FAMILY = "1,2";
			};
			name = Debug;
		};
		F424B00D1F0BDEF400135AA1 /* Release */ = {
			isa = XCBuildConfiguration;
			buildSettings = {
				ALWAYS_SEARCH_USER_PATHS = NO;
				CLANG_ANALYZER_NONNULL = YES;
				CLANG_ANALYZER_NUMBER_OBJECT_CONVERSION = YES_AGGRESSIVE;
				CLANG_CXX_LANGUAGE_STANDARD = "gnu++0x";
				CLANG_CXX_LIBRARY = "libc++";
				CLANG_ENABLE_MODULES = YES;
				CLANG_ENABLE_OBJC_ARC = YES;
				CLANG_WARN_BOOL_CONVERSION = YES;
				CLANG_WARN_CONSTANT_CONVERSION = YES;
				CLANG_WARN_DIRECT_OBJC_ISA_USAGE = YES_ERROR;
				CLANG_WARN_DOCUMENTATION_COMMENTS = YES;
				CLANG_WARN_EMPTY_BODY = YES;
				CLANG_WARN_ENUM_CONVERSION = YES;
				CLANG_WARN_INFINITE_RECURSION = YES;
				CLANG_WARN_INT_CONVERSION = YES;
				CLANG_WARN_OBJC_ROOT_CLASS = YES_ERROR;
				CLANG_WARN_SUSPICIOUS_MOVE = YES;
				CLANG_WARN_UNREACHABLE_CODE = YES;
				CLANG_WARN__DUPLICATE_METHOD_MATCH = YES;
				"CODE_SIGN_IDENTITY[sdk=iphoneos*]" = "iPhone Developer";
				COPY_PHASE_STRIP = NO;
				DEBUG_INFORMATION_FORMAT = "dwarf-with-dsym";
				ENABLE_NS_ASSERTIONS = NO;
				ENABLE_STRICT_OBJC_MSGSEND = YES;
				GCC_C_LANGUAGE_STANDARD = gnu99;
				GCC_NO_COMMON_BLOCKS = YES;
				GCC_WARN_64_TO_32_BIT_CONVERSION = YES;
				GCC_WARN_ABOUT_RETURN_TYPE = YES_ERROR;
				GCC_WARN_UNDECLARED_SELECTOR = YES;
				GCC_WARN_UNINITIALIZED_AUTOS = YES_AGGRESSIVE;
				GCC_WARN_UNUSED_FUNCTION = YES;
				GCC_WARN_UNUSED_VARIABLE = YES;
				IPHONEOS_DEPLOYMENT_TARGET = 10.3;
				MTL_ENABLE_DEBUG_INFO = NO;
				SDKROOT = iphoneos;
				SWIFT_OPTIMIZATION_LEVEL = "-Owholemodule";
				TARGETED_DEVICE_FAMILY = "1,2";
				VALIDATE_PRODUCT = YES;
			};
			name = Release;
		};
		F424B00F1F0BDEF400135AA1 /* Debug */ = {
			isa = XCBuildConfiguration;
			buildSettings = {
				ASSETCATALOG_COMPILER_APPICON_NAME = AppIcon;
				INFOPLIST_FILE = TravelJournalApp/Info.plist;
				LD_RUNPATH_SEARCH_PATHS = "$(inherited) @executable_path/Frameworks";
				PRODUCT_BUNDLE_IDENTIFIER = br.com.cwi.TravelJournalApp;
				PRODUCT_NAME = "$(TARGET_NAME)";
				SWIFT_VERSION = 3.0;
			};
			name = Debug;
		};
		F424B0101F0BDEF400135AA1 /* Release */ = {
			isa = XCBuildConfiguration;
			buildSettings = {
				ASSETCATALOG_COMPILER_APPICON_NAME = AppIcon;
				INFOPLIST_FILE = TravelJournalApp/Info.plist;
				LD_RUNPATH_SEARCH_PATHS = "$(inherited) @executable_path/Frameworks";
				PRODUCT_BUNDLE_IDENTIFIER = br.com.cwi.TravelJournalApp;
				PRODUCT_NAME = "$(TARGET_NAME)";
				SWIFT_VERSION = 3.0;
			};
			name = Release;
		};
/* End XCBuildConfiguration section */

/* Begin XCConfigurationList section */
		F424AFF71F0BDEF400135AA1 /* Build configuration list for PBXProject "TravelJournalApp" */ = {
			isa = XCConfigurationList;
			buildConfigurations = (
				F424B00C1F0BDEF400135AA1 /* Debug */,
				F424B00D1F0BDEF400135AA1 /* Release */,
			);
			defaultConfigurationIsVisible = 0;
			defaultConfigurationName = Release;
		};
		F424B00E1F0BDEF400135AA1 /* Build configuration list for PBXNativeTarget "TravelJournalApp" */ = {
			isa = XCConfigurationList;
			buildConfigurations = (
				F424B00F1F0BDEF400135AA1 /* Debug */,
				F424B0101F0BDEF400135AA1 /* Release */,
			);
			defaultConfigurationIsVisible = 0;
		};
/* End XCConfigurationList section */
	};
	rootObject = F424AFF41F0BDEF400135AA1 /* Project object */;
}
